
Microsoft Visual Studio Solution File, Format Version 12.00
# Visual Studio Version 17
VisualStudioVersion = 17.5.33516.290
MinimumVisualStudioVersion = 10.0.40219.1
Project("{FAE04EC0-301F-11D3-BF4B-00C04F79EFBC}") = "ClonSpotifyBack", "ClonSpotifyBack.csproj", "{10ED98C9-82B7-4DAD-AF9F-B77918B30E4C}"
EndProject
Global
	GlobalSection(SolutionConfigurationPlatforms) = preSolution
		Debug|Any CPU = Debug|Any CPU
		Release|Any CPU = Release|Any CPU
	EndGlobalSection
	GlobalSection(ProjectConfigurationPlatforms) = postSolution
		{10ED98C9-82B7-4DAD-AF9F-B77918B30E4C}.Debug|Any CPU.ActiveCfg = Debug|Any CPU
		{10ED98C9-82B7-4DAD-AF9F-B77918B30E4C}.Debug|Any CPU.Build.0 = Debug|Any CPU
		{10ED98C9-82B7-4DAD-AF9F-B77918B30E4C}.Release|Any CPU.ActiveCfg = Release|Any CPU
		{10ED98C9-82B7-4DAD-AF9F-B77918B30E4C}.Release|Any CPU.Build.0 = Release|Any CPU
	EndGlobalSection
	GlobalSection(SolutionProperties) = preSolution
		HideSolutionNode = FALSE
	EndGlobalSection
	GlobalSection(ExtensibilityGlobals) = postSolution
		SolutionGuid = {451841BD-D063-44C5-A573-478BC475FD98}
	EndGlobalSection
EndGlobal
